{
  "name": "tmp.held-out-nan",
  "version": "1.0.0",
  "lockfileVersion": 3,
  "requires": true,
  "packages": {
    "": {
      "name": "tmp.held-out-nan",
      "version": "1.0.0",
      "dependencies": {
        "nan": "2.19.0"
      }
    },
    "node_modules/nan": {
      "version": "2.19.0",
      "resolved": "https://registry.npmjs.org/nan/-/nan-2.19.0.tgz",
      "integrity": "sha512-nO4SXir3xWF1V4MAU2olarb1B5ZQd2NEh4vz4g5j1b1yor1TgNJT/2twSv2jq4dLi+ugu9lR3ebTVG3Za0yJg=="
    }
  }
}
