{
  "name": "tmp.d-lzo",
  "version": "1.0.0",
  "lockfileVersion": 3,
  "requires": true,
  "packages": {
    "": {
      "name": "tmp.d-lzo",
      "version": "1.0.0",
      "dependencies": {
        "lzo": "^0.4.11"
      }
    },
    "node_modules/bindings": {
      "version": "1.2.1",
      "resolved": "https://registry.npmmirror.com/bindings/-/bindings-1.2.1.tgz",
      "integrity": "sha512-u4cBQNepWxYA55FunZSM7wMi55yQaN0otnhhilNoWHq0MfOfJeQx0v0mRRpolGOExPjZcl6FtB0BB8Xkb88F0g==",
      "license": "MIT"
    },
    "node_modules/lzo": {
      "version": "0.4.11",
      "resolved": "https://registry.npmmirror.com/lzo/-/lzo-0.4.11.tgz",
      "integrity": "sha512-apQHNoW2Alg72FMqaC/7pn03I7umdgSVFt2KRkCXXils4Z9u3QBh1uOtl2O5WmZIDLd9g6Lu4lIdOLmiSTFVCQ==",
      "hasInstallScript": true,
      "license": "MIT",
      "dependencies": {
        "bindings": "~1.2.1"
      }
    }
  }
}
