{
  "name": "tmp.held-out-prisma",
  "version": "1.0.0",
  "lockfileVersion": 3,
  "requires": true,
  "packages": {
    "": {
      "name": "tmp.held-out-prisma",
      "version": "1.0.0",
      "dependencies": {
        "prisma": "5.10.0"
      }
    },
    "node_modules/prisma": {
      "version": "5.10.0",
      "resolved": "https://registry.npmjs.org/prisma/-/prisma-5.10.0.tgz",
      "integrity": "sha512-3hvKrgWAa3i4gIPmnMTVj96VZXYadpy/VcuVwNg3LMw9bplsn1BT/3WMJxCkwTR5cYKfcRkH2d3KAZvLt1Dtw==",
      "hasInstallScript": true,
      "dependencies": {
        "@prisma/engines": "5.10.0"
      },
      "bin": {
        "prisma": "build/index.js"
      },
      "engines": {
        "node": ">=16.13"
      }
    },
    "node_modules/@prisma/engines": {
      "version": "5.10.0",
      "resolved": "https://registry.npmjs.org/@prisma/engines/-/engines-5.10.0.tgz",
      "integrity": "sha512-PkJ+yD0Atd6PaVCBjLnVBa3+G2PK7K56rnWI2NnZ4NexhflO1q3dLmYgp8c5o8u1PSK5JgYN1lmmWEv3z5BLA==",
      "dependencies": {
        "@prisma/debug": "5.10.0"
      }
    },
    "node_modules/@prisma/debug": {
      "version": "5.10.0",
      "resolved": "https://registry.npmjs.org/@prisma/debug/-/debug-5.10.0.tgz",
      "integrity": "sha512-HxEE9+wxhzclfKeTTk/Vnndr4sW/qfk8Cb1i3B6clPl38QEkwWbBLSzuJ7H/Ur7JjNSXN53PX1GuE1kwGtCJA=="
    },
    "node_modules/@prisma/engines-darwin-arm64": {
      "version": "5.10.0",
      "resolved": "https://registry.npmjs.org/@prisma/engines-darwin-arm64/-/engines-darwin-arm64-5.10.0.tgz",
      "integrity": "sha512-7JlGx0ef2XZsIP1mNNQ9emptDD+S1O1xSDj+U+xFYU0kfkqYDZ0KKA0Y9/8NQSgmUC0zH4wUY8jK2ky0HVNg==",
      "optional": true,
      "os": [
        "darwin"
      ],
      "cpu": [
        "arm64"
      ]
    },
    "node_modules/@prisma/engines-darwin-x64": {
      "version": "5.10.0",
      "resolved": "https://registry.npmjs.org/@prisma/engines-darwin-x64/-/engines-darwin-x64-5.10.0.tgz",
      "integrity": "sha512-yKlz34urchTV4epSqU/I6PRHQ4CGyg3PnpAN7hwlpUY66vJROi+cSY7gZ+EIcjjCKxNfv8e7q5l2F+Rf0QHw==",
      "optional": true,
      "os": [
        "darwin"
      ],
      "cpu": [
        "x64"
      ]
    },
    "node_modules/@prisma/engines-linux-x64-gnu": {
      "version": "5.10.0",
      "resolved": "https://registry.npmjs.org/@prisma/engines-linux-x64-gnu/-/engines-linux-x64-gnu-5.10.0.tgz",
      "integrity": "sha512-fpAjl02Q2gGwtXnRJULOlcAjftvxnaq9tYU3dtShFK9RCoO8G82vynFMI+/4DO59hq3LhWdOm6Hsx9OCVGyhw==",
      "optional": true,
      "os": [
        "linux"
      ],
      "cpu": [
        "x64"
      ]
    },
    "node_modules/@prisma/engines-linux-arm64-gnu": {
      "version": "5.10.0",
      "resolved": "https://registry.npmjs.org/@prisma/engines-linux-arm64-gnu/-/engines-linux-arm64-gnu-5.10.0.tgz",
      "integrity": "sha512-3nlWeJsNyqxxjlgAOlxFV1Slo8sVs4oVoW5SrmB1+X1YWLxPsjIwx6Vqqbn1AwS+z5cX8jCp/Jl9c+zknBveg==",
      "optional": true,
      "os": [
        "linux"
      ],
      "cpu": [
        "arm64"
      ]
    }
  }
}
