{
  "name": "tmp.held-out-sqlite3",
  "version": "1.0.0",
  "lockfileVersion": 3,
  "requires": true,
  "packages": {
    "": {
      "name": "tmp.held-out-sqlite3",
      "version": "1.0.0",
      "dependencies": {
        "sqlite3": "5.1.6"
      }
    },
    "node_modules/sqlite3": {
      "version": "5.1.6",
      "resolved": "https://registry.npmjs.org/sqlite3/-/sqlite3-5.1.6.tgz",
      "integrity": "sha512-hb1gjvkSgcSe5FdMzkSaPAULP3+ne53DDCo3r4jJE9R9PaagZJFvy9x+vIMGcdY5PKrUjLTatMoTKflFBfDv5Q==",
      "hasInstallScript": true,
      "dependencies": {
        "@mapbox/node-pre-gyp": "^1.0.0",
        "node-addon-api": "^4.2.0",
        "tar": "^6.0.2"
      },
      "optionalDependencies": {
        "sqlite3-libsql-binding": "5.1.6"
      }
    },
    "node_modules/@mapbox/node-pre-gyp": {
      "version": "1.0.11",
      "resolved": "https://registry.npmjs.org/@mapbox/node-pre-gyp/-/node-pre-gyp-1.0.11.tgz",
      "integrity": "sha512-YJlAR7Fu14LXCmRoSZVmKsLTHpFC2UyySTjP3epekp4Y05lye4uH1aJTcRBBHx8P8Y1k26zvZskoCE9c8uCtlQ==",
      "dependencies": {
        "detect-libc": "^2.0.1",
        "https-proxy-agent": "^5.0.0",
        "make-dir": "^3.1.0",
        "node-fetch": "^2.6.7",
        "nopt": "^5.0.0",
        "npmlog": "^5.0.1",
        "rimraf": "^3.0.2",
        "semver": "^7.3.5",
        "tar": "^6.1.2"
      },
      "bin": {
        "node-pre-gyp": "bin/node-pre-gyp"
      }
    },
    "node_modules/node-addon-api": {
      "version": "4.3.0",
      "resolved": "https://registry.npmjs.org/node-addon-api/-/node-addon-api-4.3.0.tgz",
      "integrity": "sha512-73sE9+3TbLY5lE5EM7gQK4o1n3lGQgKK6Sm5nuf8MdBTq7Pn5lTYzwG7gXfuAN8bfZiUSQzh0E5zCfaUxcJaw=="
    },
    "node_modules/sqlite3-libsql-binding": {
      "version": "5.1.6",
      "resolved": "https://registry.npmjs.org/sqlite3-libsql-binding/-/sqlite3-libsql-binding-5.1.6.tgz",
      "integrity": "sha512-OGAiVPrXwpicD4BjkLAaM4t2cW3IjLD0LMya9OSjV30jcdV8K3+er8cJi3o9GqUOfRvxTEXyMfbGIlcUl5h+g==",
      "optional": true,
      "os": [
        "darwin",
        "linux",
        "win32"
      ],
      "cpu": [
        "x64",
        "arm64",
        "ia32",
        "arm"
      ]
    },
    "node_modules/detect-libc": {
      "version": "2.0.2",
      "resolved": "https://registry.npmjs.org/detect-libc/-/detect-libc-2.0.2.tgz",
      "integrity": "sha512-UX6sGumvvqSaXgdKGUsgVhrTuyEw3lmzL4gCUey6nPETHZ4o2trzhzp+j+CXOxjRo3Hs96HKymI8YqW4U0xXA==",
      "engines": {
        "node": ">=8"
      }
    }
  }
}
