# yarn.lock —— marker fixture（V0.1 明确不支持 yarn，Fail Closed）。
# 判定仅看 yarn.lock 文件存在（probe 按文件存在即退出），content 无关紧要；
# 仍放一段真实 yarn v1 lockfile 头部，符合「这是真项目可能的样子」。
# 真实来源：yarn 项目的 package-lock.json 由 Yarn 生成，此处为最小可识别样本。
# This file is generated by running "yarn install" inside your project.
# Manual changes might be lost - proceed with caution!

__metadata:
  version: 6
  cacheKey: 8

"lodash@npm:^4.17.21":
  version: 4.17.21
  resolution: "lodash@npm:4.17.21"
  checksum: eb835a2e51d381e561e508ce932ea50a8e5a68f4ebdd771ea240d3048244a8d13658acbd502cd4829768c56f2e16bdd4340b9ea141297d472517b83868e677f7
  languageName: node
  linkType: hard
