{
  "name": "tmp.esgxneyb0y",
  "version": "1.0.0",
  "lockfileVersion": 3,
  "requires": true,
  "packages": {
    "": {
      "name": "tmp.esgxneyb0y",
      "version": "1.0.0",
      "license": "ISC",
      "dependencies": {
        "@swc/core": "^1.10.0"
      }
    },
    "node_modules/@swc/core": {
      "version": "1.10.0",
      "resolved": "https://registry.npmmirror.com/@swc/core/-/core-1.10.0.tgz",
      "integrity": "sha512-+CuuTCmQFfzaNGg1JmcZvdUVITQXJk9sMnl1C2TiDLzOSVOJRwVD4dNo5dljX/qxpMAN+2BIYlwjlSkoGi6grg==",
      "hasInstallScript": true,
      "license": "Apache-2.0",
      "dependencies": {
        "@swc/counter": "^0.1.3",
        "@swc/types": "^0.1.17"
      },
      "engines": {
        "node": ">=10"
      },
      "funding": {
        "type": "opencollective",
        "url": "https://opencollective.com/swc"
      },
      "optionalDependencies": {
        "@swc/core-darwin-arm64": "1.10.0",
        "@swc/core-darwin-x64": "1.10.0",
        "@swc/core-linux-arm-gnueabihf": "1.10.0",
        "@swc/core-linux-arm64-gnu": "1.10.0",
        "@swc/core-linux-arm64-musl": "1.10.0",
        "@swc/core-linux-x64-gnu": "1.10.0",
        "@swc/core-linux-x64-musl": "1.10.0",
        "@swc/core-win32-arm64-msvc": "1.10.0",
        "@swc/core-win32-ia32-msvc": "1.10.0",
        "@swc/core-win32-x64-msvc": "1.10.0"
      },
      "peerDependencies": {
        "@swc/helpers": "*"
      },
      "peerDependenciesMeta": {
        "@swc/helpers": {
          "optional": true
        }
      }
    },
    "node_modules/@swc/core-darwin-arm64": {
      "version": "1.10.0",
      "resolved": "https://registry.npmmirror.com/@swc/core-darwin-arm64/-/core-darwin-arm64-1.10.0.tgz",
      "integrity": "sha512-wCeUpanqZyzvgqWRtXIyhcFK3CqukAlYyP+fJpY2gWc/+ekdrenNIfZMwY7tyTFDkXDYEKzvn3BN/zDYNJFowQ==",
      "cpu": [
        "arm64"
      ],
      "license": "Apache-2.0 AND MIT",
      "optional": true,
      "os": [
        "darwin"
      ],
      "engines": {
        "node": ">=10"
      }
    },
    "node_modules/@swc/core-darwin-x64": {
      "version": "1.10.0",
      "resolved": "https://registry.npmmirror.com/@swc/core-darwin-x64/-/core-darwin-x64-1.10.0.tgz",
      "integrity": "sha512-0CZPzqTynUBO+SHEl/qKsFSahp2Jv/P2ZRjFG0gwZY5qIcr1+B/v+o74/GyNMBGz9rft+F2WpU31gz2sJwyF4A==",
      "cpu": [
        "x64"
      ],
      "license": "Apache-2.0 AND MIT",
      "optional": true,
      "os": [
        "darwin"
      ],
      "engines": {
        "node": ">=10"
      }
    },
    "node_modules/@swc/core-linux-arm-gnueabihf": {
      "version": "1.10.0",
      "resolved": "https://registry.npmmirror.com/@swc/core-linux-arm-gnueabihf/-/core-linux-arm-gnueabihf-1.10.0.tgz",
      "integrity": "sha512-oq+DdMu5uJOFPtRkeiITc4kxmd+QSmK+v+OBzlhdGkSgoH3yRWZP+H2ao0cBXo93ZgCr2LfjiER0CqSKhjGuNA==",
      "cpu": [
        "arm"
      ],
      "license": "Apache-2.0",
      "optional": true,
      "os": [
        "linux"
      ],
      "engines": {
        "node": ">=10"
      }
    },
    "node_modules/@swc/core-linux-arm64-gnu": {
      "version": "1.10.0",
      "resolved": "https://registry.npmmirror.com/@swc/core-linux-arm64-gnu/-/core-linux-arm64-gnu-1.10.0.tgz",
      "integrity": "sha512-Y6+PC8knchEViRxiCUj3j8wsGXaIhuvU+WqrFqV834eiItEMEI9+Vh3FovqJMBE3L7d4E4ZQtgImHCXjrHfxbw==",
      "cpu": [
        "arm64"
      ],
      "license": "Apache-2.0 AND MIT",
      "optional": true,
      "os": [
        "linux"
      ],
      "engines": {
        "node": ">=10"
      }
    },
    "node_modules/@swc/core-linux-arm64-musl": {
      "version": "1.10.0",
      "resolved": "https://registry.npmmirror.com/@swc/core-linux-arm64-musl/-/core-linux-arm64-musl-1.10.0.tgz",
      "integrity": "sha512-EbrX9A5U4cECCQQfky7945AW9GYnTXtCUXElWTkTYmmyQK87yCyFfY8hmZ9qMFIwxPOH6I3I2JwMhzdi8Qoz7g==",
      "cpu": [
        "arm64"
      ],
      "license": "Apache-2.0 AND MIT",
      "optional": true,
      "os": [
        "linux"
      ],
      "engines": {
        "node": ">=10"
      }
    },
    "node_modules/@swc/core-linux-x64-gnu": {
      "version": "1.10.0",
      "resolved": "https://registry.npmmirror.com/@swc/core-linux-x64-gnu/-/core-linux-x64-gnu-1.10.0.tgz",
      "integrity": "sha512-TaxpO6snTjjfLXFYh5EjZ78se69j2gDcqEM8yB9gguPYwkCHi2Ylfmh7iVaNADnDJFtjoAQp0L41bTV/Pfq9Cg==",
      "cpu": [
        "x64"
      ],
      "license": "Apache-2.0 AND MIT",
      "optional": true,
      "os": [
        "linux"
      ],
      "engines": {
        "node": ">=10"
      }
    },
    "node_modules/@swc/core-linux-x64-musl": {
      "version": "1.10.0",
      "resolved": "https://registry.npmmirror.com/@swc/core-linux-x64-musl/-/core-linux-x64-musl-1.10.0.tgz",
      "integrity": "sha512-IEGvDd6aEEKEyZFZ8oCKuik05G5BS7qwG5hO5PEMzdGeh8JyFZXxsfFXbfeAqjue4UaUUrhnoX+Ze3M2jBVMHw==",
      "cpu": [
        "x64"
      ],
      "license": "Apache-2.0 AND MIT",
      "optional": true,
      "os": [
        "linux"
      ],
      "engines": {
        "node": ">=10"
      }
    },
    "node_modules/@swc/core-win32-arm64-msvc": {
      "version": "1.10.0",
      "resolved": "https://registry.npmmirror.com/@swc/core-win32-arm64-msvc/-/core-win32-arm64-msvc-1.10.0.tgz",
      "integrity": "sha512-UkQ952GSpY+Z6XONj9GSW8xGSkF53jrCsuLj0nrcuw7Dvr1a816U/9WYZmmcYS8tnG2vHylhpm6csQkyS8lpCw==",
      "cpu": [
        "arm64"
      ],
      "license": "Apache-2.0 AND MIT",
      "optional": true,
      "os": [
        "win32"
      ],
      "engines": {
        "node": ">=10"
      }
    },
    "node_modules/@swc/core-win32-ia32-msvc": {
      "version": "1.10.0",
      "resolved": "https://registry.npmmirror.com/@swc/core-win32-ia32-msvc/-/core-win32-ia32-msvc-1.10.0.tgz",
      "integrity": "sha512-a2QpIZmTiT885u/mUInpeN2W9ClCnqrV2LnMqJR1/Fgx1Afw/hAtiDZPtQ0SqS8yDJ2VR5gfNZo3gpxWMrqdVA==",
      "cpu": [
        "ia32"
      ],
      "license": "Apache-2.0 AND MIT",
      "optional": true,
      "os": [
        "win32"
      ],
      "engines": {
        "node": ">=10"
      }
    },
    "node_modules/@swc/core-win32-x64-msvc": {
      "version": "1.10.0",
      "resolved": "https://registry.npmmirror.com/@swc/core-win32-x64-msvc/-/core-win32-x64-msvc-1.10.0.tgz",
      "integrity": "sha512-tZcCmMwf483nwsEBfUk5w9e046kMa1iSik4bP9Kwi2FGtOfHuDfIcwW4jek3hdcgF5SaBW1ktnK/lgQLDi5AtA==",
      "cpu": [
        "x64"
      ],
      "license": "Apache-2.0 AND MIT",
      "optional": true,
      "os": [
        "win32"
      ],
      "engines": {
        "node": ">=10"
      }
    },
    "node_modules/@swc/counter": {
      "version": "0.1.3",
      "resolved": "https://registry.npmmirror.com/@swc/counter/-/counter-0.1.3.tgz",
      "integrity": "sha512-e2BR4lsJkkRlKZ/qCHPw9ZaSxc0MVUd7gtbtaB7aMvHeJVYe8sOB8DBZkP2DtISHGSku9sCK6T6cnY0CtXrOCQ==",
      "license": "Apache-2.0"
    },
    "node_modules/@swc/types": {
      "version": "0.1.28",
      "resolved": "https://registry.npmmirror.com/@swc/types/-/types-0.1.28.tgz",
      "integrity": "sha512-V6Mnml8v09QALx6K0elJ7o9K/MkVDtW3t6L+7Ou/JcWtb3xwId2AH4FeOceySd2JaO87IMw4+6vSZxLm34LPbw==",
      "license": "Apache-2.0",
      "dependencies": {
        "@swc/counter": "^0.1.3"
      }
    }
  }
}
