{
  "name": "tmp.held-out-chartjs",
  "version": "1.0.0",
  "lockfileVersion": 3,
  "requires": true,
  "packages": {
    "": {
      "name": "tmp.held-out-chartjs",
      "version": "1.0.0",
      "dependencies": {
        "chart.js": "4.4.3"
      }
    },
    "node_modules/chart.js": {
      "version": "4.4.3",
      "resolved": "https://registry.npmjs.org/chart.js/-/chart.js-4.4.3.tgz",
      "integrity": "sha512-c+e1A1gIaH4NlRKMKeX9uYAlR2H4Y2tolyu1G8sXON0sCpRAJBvjyCM9laJ7nmgEKQV0Cwxq8UviZBcspGvlA==",
      "dependencies": {
        "@kurkle/color": "^0.3.0"
      }
    },
    "node_modules/@kurkle/color": {
      "version": "0.3.2",
      "resolved": "https://registry.npmjs.org/@kurkle/color/-/color-0.3.2.tgz",
      "integrity": "sha512-fuslv7j4OmVrddBxWnJDFck5UVZZyQv1aKD7YkHsJuh0kaj8YTJTcu8ZBPN0fPjzka3TkoS8+ztT38SWB6D9Q=="
    }
  }
}
