{
  "name": "tmp.d-fjt-walter",
  "version": "0.0.0",
  "lockfileVersion": 3,
  "requires": true,
  "packages": {
    "": {
      "name": "tmp.d-fjt-walter",
      "version": "0.0.0",
      "dependencies": {
        "fjt-walter": "^1.1.0"
      }
    },
    "node_modules/fjt-walter": {
      "version": "1.1.0",
      "resolved": "https://registry.npmmirror.com/fjt-walter/-/fjt-walter-1.1.0.tgz",
      "integrity": "sha512-oD46wjVjOmz4JWh3CsNkqRm1QIhPdu4ynWGXnZpkwX4EDBQktdwXfsizkNnqArUzpakH7EF9tc45im2m34erbg==",
      "hasInstallScript": true,
      "license": "ISC",
      "dependencies": {
        "node-addon-api": "^2.0.0"
      }
    },
    "node_modules/node-addon-api": {
      "version": "2.0.2",
      "resolved": "https://registry.npmmirror.com/node-addon-api/-/node-addon-api-2.0.2.tgz",
      "integrity": "sha512-Ntyt4AIXyaLIuMHF6IOoTakB3K+RWxwtsHNRxllEoA6vPwP9o4866g6YWDLUdnucilZhmkxiHwHr11gAENw+QA==",
      "license": "MIT"
    }
  }
}
