{
  "name": "tmp.held-out-argon2",
  "version": "1.0.0",
  "lockfileVersion": 3,
  "requires": true,
  "packages": {
    "": {
      "name": "tmp.held-out-argon2",
      "version": "1.0.0",
      "dependencies": {
        "argon2": "0.31.2"
      }
    },
    "node_modules/argon2": {
      "version": "0.31.2",
      "resolved": "https://registry.npmjs.org/argon2/-/argon2-0.31.2.tgz",
      "integrity": "sha512-Q3b1eCv0wPiLi6+V5AjTm9d6HM5ArHfVEbZ+hnH+lW3Tm6trwvcB9Yjj9wUoA09j33JjIwa4p3A4kntQFNQw==",
      "hasInstallScript": true,
      "dependencies": {
        "@mapbox/node-pre-gyp": "^1.0.10",
        "node-addon-api": "^5.0.0"
      }
    },
    "node_modules/@mapbox/node-pre-gyp": {
      "version": "1.0.11",
      "resolved": "https://registry.npmjs.org/@mapbox/node-pre-gyp/-/node-pre-gyp-1.0.11.tgz",
      "integrity": "sha512-YJlAR7Fu14LXCmRoSZVmKsLTHpFC2UyySTjP3epekp4Y05lye4uH1aJTcRBBHx8P8Y1k26zvZskoCE9c8uCtlQ==",
      "dependencies": {
        "detect-libc": "^2.0.1",
        "https-proxy-agent": "^5.0.0",
        "make-dir": "^3.1.0",
        "node-fetch": "^2.6.7",
        "nopt": "^5.0.0",
        "npmlog": "^5.0.1",
        "rimraf": "^3.0.2",
        "semver": "^7.3.5",
        "tar": "^6.1.2"
      }
    },
    "node_modules/node-addon-api": {
      "version": "5.1.0",
      "resolved": "https://registry.npmjs.org/node-addon-api/-/node-addon-api-5.1.0.tgz",
      "integrity": "sha512-eh0GgfEkppuWD75+I0i7I2oUSEqcDqNSR1aCR+JI7skdkv8YCwpAV/3M4w8reM5EscnynFiuO0S/wX4Qy0OIQ=="
    }
  }
}
