{
  "name": "tmp.held-out-bufferutil",
  "version": "1.0.0",
  "lockfileVersion": 3,
  "requires": true,
  "packages": {
    "": {
      "name": "tmp.held-out-bufferutil",
      "version": "1.0.0",
      "dependencies": {
        "bufferutil": "4.0.8"
      }
    },
    "node_modules/bufferutil": {
      "version": "4.0.8",
      "resolved": "https://registry.npmjs.org/bufferutil/-/bufferutil-4.0.8.tgz",
      "integrity": "sha512-X4X1Pn9+jVep9IrlrblPgJWllrFXLR0gL1fggVkSNFy09zTb6VDoVwUEdlS6IIZ4EVG9JiuAV3nfPgIjqI6xeg==",
      "dependencies": {
        "node-gyp-build": "^4.3.0"
      }
    },
    "node_modules/node-gyp-build": {
      "version": "4.8.4",
      "resolved": "https://registry.npmjs.org/node-gyp-build/-/node-gyp-build-4.8.4.tgz",
      "integrity": "sha512-LK4WlHeisD/nBvwsWsaCzHA4TszkoIY1OU7U91p7eHN7OX9Y3IudD7mbjWw3tO5MK0K4XOn8oOF/a0sB6Pjvw==",
      "bin": {
        "node-gyp-build": "bin.js",
        "node-gyp-build-optional": "optional.js",
        "node-gyp-build-test": "build-test.js"
      },
      "engines": {
        "node": ">=10.12.0"
      }
    }
  }
}
