{
  "name": "tmp.held-out-commander",
  "version": "1.0.0",
  "lockfileVersion": 3,
  "requires": true,
  "packages": {
    "": {
      "name": "tmp.held-out-commander",
      "version": "1.0.0",
      "dependencies": {
        "commander": "12.1.0"
      }
    },
    "node_modules/commander": {
      "version": "12.1.0",
      "resolved": "https://registry.npmjs.org/commander/-/commander-12.1.0.tgz",
      "integrity": "sha512-Vw8qHK1bZN9QvjIshK9I1Mk2QCmeaXqjFavwjvu3Xmw7LAs9/2PV6+slaW99eKALnR3Ckrmjxl/VgUwZBDtw==",
      "engines": {
        "node": ">=18"
      }
    }
  }
}
