{
  "name": "tmp.d-node-opus",
  "version": "1.0.0",
  "lockfileVersion": 3,
  "requires": true,
  "packages": {
    "": {
      "name": "tmp.d-node-opus",
      "version": "1.0.0",
      "dependencies": {
        "node-opus": "^0.3.3"
      }
    },
    "node_modules/bindings": {
      "version": "1.2.1",
      "resolved": "https://registry.npmmirror.com/bindings/-/bindings-1.2.1.tgz",
      "integrity": "sha512-u4cBQNepWxYA55FunZSM7wMi55yQaN0otnhhilNoWHq0MfOfJeQx0v0mRRpolGOExPjZcl6FtB0BB8Xkb88F0g==",
      "license": "MIT"
    },
    "node_modules/commander": {
      "version": "2.20.3",
      "resolved": "https://registry.npmmirror.com/commander/-/commander-2.20.3.tgz",
      "integrity": "sha512-GpVkmM8vF2vQUkj2LvZmD35JxeJOLCwJ9cUkugyk2nuhbv3+mJvpLYYt+0+USMxE+oj+ey/lJEnhZw75x/OMcQ==",
      "license": "MIT"
    },
    "node_modules/debug": {
      "version": "2.6.9",
      "resolved": "https://registry.npmmirror.com/debug/-/debug-2.6.9.tgz",
      "integrity": "sha512-bC7ElrdJaJnPbAP+1EotYvqZsb3ecl5wi6Bfi6BJTUcNowp6cvspg0jXznRTKDjm/E7AdgFBVeAPVMNcKGsHMA==",
      "license": "MIT",
      "optional": true,
      "dependencies": {
        "ms": "2.0.0"
      }
    },
    "node_modules/ms": {
      "version": "2.0.0",
      "resolved": "https://registry.npmmirror.com/ms/-/ms-2.0.0.tgz",
      "integrity": "sha512-Tpp60P6IUJDTuOq/5Z8cdskzJujfwqfOTkrwIwj7IRISpnkJnT6SyJ4PCPnGMoFjC9ddhal5KVIYtAt97ix05A==",
      "license": "MIT",
      "optional": true
    },
    "node_modules/nan": {
      "version": "2.28.0",
      "resolved": "https://registry.npmmirror.com/nan/-/nan-2.28.0.tgz",
      "integrity": "sha512-fTsDz99OTq2sVePhGdp4qQhggZFtKr64ZNVyVajRKtMOkJxYekplBh577PiJB12v/D3s2E5cGtOI45LWp6rnLQ==",
      "license": "MIT"
    },
    "node_modules/node-opus": {
      "version": "0.3.3",
      "resolved": "https://registry.npmmirror.com/node-opus/-/node-opus-0.3.3.tgz",
      "integrity": "sha512-ZQniA8iJ6y/qOTmW6eyzM9m8odt4CIGV0NM9/U03/pYLhGyxy18QXO25WfrWd8XsUYx57tnxll2xxj54CN08uQ==",
      "cpu": [
        "x64",
        "arm",
        "arm64",
        "ia32"
      ],
      "deprecated": "This project is unmaintained. See @discordjs/opus for an alternative.",
      "hasInstallScript": true,
      "license": "MIT",
      "os": [
        "linux",
        "darwin",
        "win32",
        "freebsd",
        "android"
      ],
      "dependencies": {
        "bindings": "~1.2.1",
        "commander": "^2.9.0",
        "nan": "^2.14.0"
      },
      "engines": {
        "node": ">=5.10.0"
      },
      "optionalDependencies": {
        "ogg-packet": "^1.0.0"
      }
    },
    "node_modules/ogg-packet": {
      "version": "1.0.1",
      "resolved": "https://registry.npmmirror.com/ogg-packet/-/ogg-packet-1.0.1.tgz",
      "integrity": "sha512-dW1ok3BMnMikyXGDIgVEckWnlViW8JLWQV4qj9aN/rNRVqHlDYSlcIEtSIMH7tpuUOiIxAhY3+OxNdIOm6s17A==",
      "license": "MIT",
      "optional": true,
      "dependencies": {
        "ref-struct": "*"
      }
    },
    "node_modules/ref": {
      "version": "1.3.5",
      "resolved": "https://registry.npmmirror.com/ref/-/ref-1.3.5.tgz",
      "integrity": "sha512-2cBCniTtxcGUjDpvFfVpw323a83/0RLSGJJY5l5lcomZWhYpU2cuLdsvYqMixvsdLJ9+sTdzEkju8J8ZHDM2nA==",
      "hasInstallScript": true,
      "license": "MIT",
      "optional": true,
      "dependencies": {
        "bindings": "1",
        "debug": "2",
        "nan": "2"
      }
    },
    "node_modules/ref-struct": {
      "version": "1.1.0",
      "resolved": "https://registry.npmmirror.com/ref-struct/-/ref-struct-1.1.0.tgz",
      "integrity": "sha512-h2OSdAUycdqiwFBp2wB3XEFheWA/U+n/JYnhEi3584JqnCCDXIA3qDIhHH3klIHMNZwrJW+VagpxPGeSf6777Q==",
      "license": "MIT",
      "optional": true,
      "dependencies": {
        "debug": "2",
        "ref": "1"
      }
    }
  }
}
