{
  "name": "tmp.held-out-fsevents",
  "version": "1.0.0",
  "lockfileVersion": 3,
  "requires": true,
  "packages": {
    "": {
      "name": "tmp.held-out-fsevents",
      "version": "1.0.0",
      "dependencies": {
        "fsevents": "2.3.3"
      }
    },
    "node_modules/fsevents": {
      "version": "2.3.3",
      "resolved": "https://registry.npmjs.org/fsevents/-/fsevents-2.3.3.tgz",
      "integrity": "sha512-y呗5091fG4R2t4Yz3MMp68/2oByY0ia6vrMxdLCR3wrvDI26b8SY6J4n4/kS1p+Mn8nIGIg/M9s9k5S6ZmMw==",
      "hasInstallScript": true,
      "optional": true,
      "os": [
        "darwin"
      ],
      "dependencies": {
        "node-gyp-build": "^4.3.0"
      },
      "engines": {
        "node": "^8.16.0 || ^10.6.0 || >=11.0.0"
      }
    },
    "node_modules/node-gyp-build": {
      "version": "4.8.4",
      "resolved": "https://registry.npmjs.org/node-gyp-build/-/node-gyp-build-4.8.4.tgz",
      "integrity": "sha512-LK4WlHeisD/nBvwsWsaCzHA4TszkoIY1OU7U91p7eHN7OX9Y3IudD7mbjWw3tO5MK0K4XOn8oOF/a0sB6Pjvw=="
    }
  }
}
