{
  "name": "tmp.held-out-puppeteer",
  "version": "1.0.0",
  "lockfileVersion": 3,
  "requires": true,
  "packages": {
    "": {
      "name": "tmp.held-out-puppeteer",
      "version": "1.0.0",
      "dependencies": {
        "puppeteer": "23.0.0"
      }
    },
    "node_modules/puppeteer": {
      "version": "23.0.0",
      "resolved": "https://registry.npmjs.org/puppeteer/-/puppeteer-23.0.0.tgz",
      "integrity": "sha512-+uJiUBpYJYSkEd7aya7+b+dsC4LaDpsTwQ1bIdvU5TJ+x3L3kPsYvYJf9pJ8IjrZlsgEUQTkFdKY6PzxRGqg==",
      "hasInstallScript": true,
      "dependencies": {
        "@puppeteer/browsers": "2.4.1",
        "cosmiconfig": "9.0.0",
        "devtools-protocol": "0.0.1286029",
        "ws": "8.18.0"
      },
      "engines": {
        "node": ">=18"
      }
    },
    "node_modules/@puppeteer/browsers": {
      "version": "2.4.1",
      "resolved": "https://registry.npmjs.org/@puppeteer/browsers/-/browsers-2.4.1.tgz",
      "integrity": "sha512-0JHJ/udiNU/sVPJ8VUixsGK57v/jSr0g84CVUyAMrMNH+Rg9iUDwlmP3BMoICc3A0vrc9tG3H8P9P+/lrfqag==",
      "dependencies": {
        "debug": "4.3.7",
        "extract-zip": "2.0.1",
        "progress": "2.0.3",
        "proxy-agent": "6.4.0",
        "tar-fs": "3.0.6",
        "unbzip2-stream": "1.4.3",
        "yargs": "17.7.2"
      }
    },
    "node_modules/ws": {
      "version": "8.18.0",
      "resolved": "https://registry.npmjs.org/ws/-/ws-8.18.0.tgz",
      "integrity": "sha512-rm1lz4ceSKhrfFBPtyBe3bMlPS1dD4Z9u9Ffvwf5DpNeav3fjjfxx0OxvuWu+np/aiR1HVrJOj9pz6krpqUw=="
    },
    "node_modules/yargs": {
      "version": "17.7.2",
      "resolved": "https://registry.npmjs.org/yargs/-/yargs-17.7.2.tgz",
      "integrity": "sha512-7dSzzRQ++CKnNI/kWIKnBic2mxucGSU/UseYxB2M6WdIPPY1qMwo7C3Y0ZCJeviEKaDtHG9pySiJox1fCOJDg==",
      "dependencies": {
        "cliui": "^8.0.1",
        "escalade": "^3.1.1",
        "get-caller-file": "^2.0.5",
        "require-directory": "^2.1.1",
        "string-width": "^4.2.3",
        "y18n": "^5.0.5",
        "yargs-parser": "^21.1.1"
      }
    }
  }
}
