{
  "name": "tmp.d-node-stringprep",
  "version": "1.0.0",
  "lockfileVersion": 3,
  "requires": true,
  "packages": {
    "": {
      "name": "tmp.d-node-stringprep",
      "version": "1.0.0",
      "dependencies": {
        "node-stringprep": "^0.8.0"
      }
    },
    "node_modules/bindings": {
      "version": "1.2.1",
      "resolved": "https://registry.npmmirror.com/bindings/-/bindings-1.2.1.tgz",
      "integrity": "sha512-u4cBQNepWxYA55FunZSM7wMi55yQaN0otnhhilNoWHq0MfOfJeQx0v0mRRpolGOExPjZcl6FtB0BB8Xkb88F0g==",
      "license": "MIT"
    },
    "node_modules/debug": {
      "version": "2.2.0",
      "resolved": "https://registry.npmmirror.com/debug/-/debug-2.2.0.tgz",
      "integrity": "sha512-X0rGvJcskG1c3TgSCPqHJ0XJgwlcvOC7elJ5Y0hYuKBZoVqWpAMfLOeIh2UI/DCQ5ruodIjvsugZtjUYUw2pUw==",
      "license": "MIT",
      "dependencies": {
        "ms": "0.7.1"
      }
    },
    "node_modules/ms": {
      "version": "0.7.1",
      "resolved": "https://registry.npmmirror.com/ms/-/ms-0.7.1.tgz",
      "integrity": "sha512-lRLiIR9fSNpnP6TC4v8+4OU7oStC01esuNowdQ34L+Gk8e5Puoc88IqJ+XAY/B3Mn2ZKis8l8HX90oU8ivzUHg=="
    },
    "node_modules/nan": {
      "version": "2.3.5",
      "resolved": "https://registry.npmmirror.com/nan/-/nan-2.3.5.tgz",
      "integrity": "sha512-+1vWEe1RBUNgjZJGAXxVDyNmH3TTG8AaLj0Qw5Ye/gqwrpDWn43WNF3/HcHnRpzm+gWqW65oXYQdu6UvBC/+vA==",
      "license": "MIT"
    },
    "node_modules/node-stringprep": {
      "version": "0.8.0",
      "resolved": "https://registry.npmmirror.com/node-stringprep/-/node-stringprep-0.8.0.tgz",
      "integrity": "sha512-c9/IrFqWtDW4mygcDOmdoZPfht0G+No8cmKR4qqFBCaaeGsnGHavzuhSHza4OnV02WQbWLbCjM7HQqq+hTf53w==",
      "hasInstallScript": true,
      "dependencies": {
        "bindings": "~1.2.1",
        "debug": "~2.2.0",
        "nan": "~2.3.3"
      },
      "engines": {
        "node": ">=0.8 <=0.12"
      }
    }
  }
}
